
Microsoft Visual Studio Solution File, Format Version 12.00
# Visual Studio Version 17
VisualStudioVersion = 17.4.33205.214
MinimumVisualStudioVersion = 10.0.40219.1
Project("{2150E333-8FDC-42A3-9474-1A3956D46DE8}") = "src", "src", "{5461C61B-B06E-46BA-B206-925B660BE727}"
EndProject
Project("{9A19103F-16F7-4668-BE54-9A1E7A4F7556}") = "IdentityServer4", "src\IdentityServer4.csproj", "{407C030E-60E6-41F7-AF43-0AC48EDCC17D}"
EndProject
Project("{9A19103F-16F7-4668-BE54-9A1E7A4F7556}") = "IdentityModel", "..\..\..\IdentityModel\src\IdentityModel.csproj", "{95C5369E-FA9C-4526-A288-7BAFFDDBCC09}"
EndProject
Project("{9A19103F-16F7-4668-BE54-9A1E7A4F7556}") = "IdentityServer4.Storage", "..\Storage\src\IdentityServer4.Storage.csproj", "{6355ECB8-36F4-4EC7-B747-98791D72E227}"
EndProject
Project("{9A19103F-16F7-4668-BE54-9A1E7A4F7556}") = "IdentityServer4.EntityFramework.Storage", "..\EntityFramework.Storage\src\IdentityServer4.EntityFramework.Storage.csproj", "{F0267098-CAB5-495C-BA84-5D4BDCA4FF89}"
EndProject
Project("{9A19103F-16F7-4668-BE54-9A1E7A4F7556}") = "IdentityServer4.EntityFramework", "..\EntityFramework\src\IdentityServer4.EntityFramework.csproj", "{57ACE449-EDF2-40C7-AFC4-7C9715787B91}"
EndProject
Project("{2150E333-8FDC-42A3-9474-1A3956D46DE8}") = "tests", "tests", "{13A9D221-0EF4-46CC-8CF6-D639445CA41E}"
EndProject
Project("{9A19103F-16F7-4668-BE54-9A1E7A4F7556}") = "UnitTests", "..\..\..\IdentityModel\test\UnitTests\UnitTests.csproj", "{12C7DD86-BE1A-4B2E-A0FD-A895A4ABC208}"
EndProject
Project("{9A19103F-16F7-4668-BE54-9A1E7A4F7556}") = "IdentityServer4.EntityFramework.Tests", "..\EntityFramework\test\IdentityServer4.EntityFramework.Tests\IdentityServer4.EntityFramework.Tests.csproj", "{79740C40-AFC8-4A2B-80FA-D2FC51F0B5D4}"
EndProject
Project("{9A19103F-16F7-4668-BE54-9A1E7A4F7556}") = "IdentityServer4.EntityFramework.UnitTests", "..\EntityFramework.Storage\test\UnitTests\IdentityServer4.EntityFramework.UnitTests.csproj", "{6C6E0C7B-4FCA-4312-B66C-5F07D418041E}"
EndProject
Project("{9A19103F-16F7-4668-BE54-9A1E7A4F7556}") = "IdentityServer4.EntityFramework.IntegrationTests", "..\EntityFramework.Storage\test\IntegrationTests\IdentityServer4.EntityFramework.IntegrationTests.csproj", "{DDDC48A0-83A4-4ABC-BE2F-913CF13A9D6F}"
EndProject
Project("{9A19103F-16F7-4668-BE54-9A1E7A4F7556}") = "IdentityServer.UnitTests", "test\IdentityServer.UnitTests\IdentityServer.UnitTests.csproj", "{ECDA206E-0D0A-4686-8295-CA9A2E0BE542}"
EndProject
Project("{9A19103F-16F7-4668-BE54-9A1E7A4F7556}") = "IdentityServer.IntegrationTests", "test\IdentityServer.IntegrationTests\IdentityServer.IntegrationTests.csproj", "{88152BA9-3BB4-4C9D-81D0-82717E32B42F}"
EndProject
Global
	GlobalSection(SolutionConfigurationPlatforms) = preSolution
		Debug|Any CPU = Debug|Any CPU
		Release|Any CPU = Release|Any CPU
	EndGlobalSection
	GlobalSection(ProjectConfigurationPlatforms) = postSolution
		{407C030E-60E6-41F7-AF43-0AC48EDCC17D}.Debug|Any CPU.ActiveCfg = Debug|Any CPU
		{407C030E-60E6-41F7-AF43-0AC48EDCC17D}.Debug|Any CPU.Build.0 = Debug|Any CPU
		{407C030E-60E6-41F7-AF43-0AC48EDCC17D}.Release|Any CPU.ActiveCfg = Release|Any CPU
		{407C030E-60E6-41F7-AF43-0AC48EDCC17D}.Release|Any CPU.Build.0 = Release|Any CPU
		{95C5369E-FA9C-4526-A288-7BAFFDDBCC09}.Debug|Any CPU.ActiveCfg = Debug|Any CPU
		{95C5369E-FA9C-4526-A288-7BAFFDDBCC09}.Debug|Any CPU.Build.0 = Debug|Any CPU
		{95C5369E-FA9C-4526-A288-7BAFFDDBCC09}.Release|Any CPU.ActiveCfg = Release|Any CPU
		{95C5369E-FA9C-4526-A288-7BAFFDDBCC09}.Release|Any CPU.Build.0 = Release|Any CPU
		{6355ECB8-36F4-4EC7-B747-98791D72E227}.Debug|Any CPU.ActiveCfg = Debug|Any CPU
		{6355ECB8-36F4-4EC7-B747-98791D72E227}.Debug|Any CPU.Build.0 = Debug|Any CPU
		{6355ECB8-36F4-4EC7-B747-98791D72E227}.Release|Any CPU.ActiveCfg = Release|Any CPU
		{6355ECB8-36F4-4EC7-B747-98791D72E227}.Release|Any CPU.Build.0 = Release|Any CPU
		{F0267098-CAB5-495C-BA84-5D4BDCA4FF89}.Debug|Any CPU.ActiveCfg = Debug|Any CPU
		{F0267098-CAB5-495C-BA84-5D4BDCA4FF89}.Debug|Any CPU.Build.0 = Debug|Any CPU
		{F0267098-CAB5-495C-BA84-5D4BDCA4FF89}.Release|Any CPU.ActiveCfg = Release|Any CPU
		{F0267098-CAB5-495C-BA84-5D4BDCA4FF89}.Release|Any CPU.Build.0 = Release|Any CPU
		{57ACE449-EDF2-40C7-AFC4-7C9715787B91}.Debug|Any CPU.ActiveCfg = Debug|Any CPU
		{57ACE449-EDF2-40C7-AFC4-7C9715787B91}.Debug|Any CPU.Build.0 = Debug|Any CPU
		{57ACE449-EDF2-40C7-AFC4-7C9715787B91}.Release|Any CPU.ActiveCfg = Release|Any CPU
		{57ACE449-EDF2-40C7-AFC4-7C9715787B91}.Release|Any CPU.Build.0 = Release|Any CPU
		{12C7DD86-BE1A-4B2E-A0FD-A895A4ABC208}.Debug|Any CPU.ActiveCfg = Debug|Any CPU
		{12C7DD86-BE1A-4B2E-A0FD-A895A4ABC208}.Debug|Any CPU.Build.0 = Debug|Any CPU
		{12C7DD86-BE1A-4B2E-A0FD-A895A4ABC208}.Release|Any CPU.ActiveCfg = Release|Any CPU
		{12C7DD86-BE1A-4B2E-A0FD-A895A4ABC208}.Release|Any CPU.Build.0 = Release|Any CPU
		{79740C40-AFC8-4A2B-80FA-D2FC51F0B5D4}.Debug|Any CPU.ActiveCfg = Debug|Any CPU
		{79740C40-AFC8-4A2B-80FA-D2FC51F0B5D4}.Debug|Any CPU.Build.0 = Debug|Any CPU
		{79740C40-AFC8-4A2B-80FA-D2FC51F0B5D4}.Release|Any CPU.ActiveCfg = Release|Any CPU
		{79740C40-AFC8-4A2B-80FA-D2FC51F0B5D4}.Release|Any CPU.Build.0 = Release|Any CPU
		{6C6E0C7B-4FCA-4312-B66C-5F07D418041E}.Debug|Any CPU.ActiveCfg = Debug|Any CPU
		{6C6E0C7B-4FCA-4312-B66C-5F07D418041E}.Debug|Any CPU.Build.0 = Debug|Any CPU
		{6C6E0C7B-4FCA-4312-B66C-5F07D418041E}.Release|Any CPU.ActiveCfg = Release|Any CPU
		{6C6E0C7B-4FCA-4312-B66C-5F07D418041E}.Release|Any CPU.Build.0 = Release|Any CPU
		{DDDC48A0-83A4-4ABC-BE2F-913CF13A9D6F}.Debug|Any CPU.ActiveCfg = Debug|Any CPU
		{DDDC48A0-83A4-4ABC-BE2F-913CF13A9D6F}.Debug|Any CPU.Build.0 = Debug|Any CPU
		{DDDC48A0-83A4-4ABC-BE2F-913CF13A9D6F}.Release|Any CPU.ActiveCfg = Release|Any CPU
		{DDDC48A0-83A4-4ABC-BE2F-913CF13A9D6F}.Release|Any CPU.Build.0 = Release|Any CPU
		{ECDA206E-0D0A-4686-8295-CA9A2E0BE542}.Debug|Any CPU.ActiveCfg = Debug|Any CPU
		{ECDA206E-0D0A-4686-8295-CA9A2E0BE542}.Debug|Any CPU.Build.0 = Debug|Any CPU
		{ECDA206E-0D0A-4686-8295-CA9A2E0BE542}.Release|Any CPU.ActiveCfg = Release|Any CPU
		{ECDA206E-0D0A-4686-8295-CA9A2E0BE542}.Release|Any CPU.Build.0 = Release|Any CPU
		{88152BA9-3BB4-4C9D-81D0-82717E32B42F}.Debug|Any CPU.ActiveCfg = Debug|Any CPU
		{88152BA9-3BB4-4C9D-81D0-82717E32B42F}.Debug|Any CPU.Build.0 = Debug|Any CPU
		{88152BA9-3BB4-4C9D-81D0-82717E32B42F}.Release|Any CPU.ActiveCfg = Release|Any CPU
		{88152BA9-3BB4-4C9D-81D0-82717E32B42F}.Release|Any CPU.Build.0 = Release|Any CPU
	EndGlobalSection
	GlobalSection(SolutionProperties) = preSolution
		HideSolutionNode = FALSE
	EndGlobalSection
	GlobalSection(NestedProjects) = preSolution
		{407C030E-60E6-41F7-AF43-0AC48EDCC17D} = {5461C61B-B06E-46BA-B206-925B660BE727}
		{95C5369E-FA9C-4526-A288-7BAFFDDBCC09} = {5461C61B-B06E-46BA-B206-925B660BE727}
		{6355ECB8-36F4-4EC7-B747-98791D72E227} = {5461C61B-B06E-46BA-B206-925B660BE727}
		{F0267098-CAB5-495C-BA84-5D4BDCA4FF89} = {5461C61B-B06E-46BA-B206-925B660BE727}
		{57ACE449-EDF2-40C7-AFC4-7C9715787B91} = {5461C61B-B06E-46BA-B206-925B660BE727}
		{12C7DD86-BE1A-4B2E-A0FD-A895A4ABC208} = {13A9D221-0EF4-46CC-8CF6-D639445CA41E}
		{79740C40-AFC8-4A2B-80FA-D2FC51F0B5D4} = {13A9D221-0EF4-46CC-8CF6-D639445CA41E}
		{6C6E0C7B-4FCA-4312-B66C-5F07D418041E} = {13A9D221-0EF4-46CC-8CF6-D639445CA41E}
		{DDDC48A0-83A4-4ABC-BE2F-913CF13A9D6F} = {13A9D221-0EF4-46CC-8CF6-D639445CA41E}
		{ECDA206E-0D0A-4686-8295-CA9A2E0BE542} = {13A9D221-0EF4-46CC-8CF6-D639445CA41E}
		{88152BA9-3BB4-4C9D-81D0-82717E32B42F} = {13A9D221-0EF4-46CC-8CF6-D639445CA41E}
	EndGlobalSection
	GlobalSection(ExtensibilityGlobals) = postSolution
		SolutionGuid = {176723F7-4A9B-4F05-A9F3-3BA715E4BDC3}
	EndGlobalSection
EndGlobal
